// !$*UTF8*$!
{
	archiveVersion = 1;
	classes = {
	};
	objectVersion = 56;
	objects = {

/* Begin PBXBuildFile section */
		6A6BD6AE2B93DD7B0002E8AB /* RealityKitContent in Frameworks */ = {isa = PBXBuildFile; productRef = 6A6BD6AD2B93DD7B0002E8AB /* RealityKitContent */; };
		6A6BD6B02B93DD7B0002E8AB /* MelodyApp.swift in Sources */ = {isa = PBXBuildFile; fileRef = 6A6BD6AF2B93DD7B0002E8AB /* MelodyApp.swift */; };
		6A6BD6B22B93DD7B0002E8AB /* ContentView.swift in Sources */ = {isa = PBXBuildFile; fileRef = 6A6BD6B12B93DD7B0002E8AB /* ContentView.swift */; };
		6A6BD6B42B93DD7B0002E8AB /* Assets.xcassets in Resources */ = {isa = PBXBuildFile; fileRef = 6A6BD6B32B93DD7B0002E8AB /* Assets.xcassets */; };
		6A6BD6B72B93DD7C0002E8AB /* Preview Assets.xcassets in Resources */ = {isa = PBXBuildFile; fileRef = 6A6BD6B62B93DD7C0002E8AB /* Preview Assets.xcassets */; };
		6A6BD6C22B93DD7C0002E8AB /* MelodyTests.swift in Sources */ = {isa = PBXBuildFile; fileRef = 6A6BD6C12B93DD7C0002E8AB /* MelodyTests.swift */; };
		6A6BD6CD2B93F71D0002E8AB /* theme.css in Resources */ = {isa = PBXBuildFile; fileRef = 6A6BD6CC2B93F71D0002E8AB /* theme.css */; };
		6A6BD6CF2B9401C40002E8AB /* script.js in Resources */ = {isa = PBXBuildFile; fileRef = 6A6BD6CE2B9401C40002E8AB /* script.js */; };
/* End PBXBuildFile section */

/* Begin PBXContainerItemProxy section */
		6A6BD6BE2B93DD7C0002E8AB /* PBXContainerItemProxy */ = {
			isa = PBXContainerItemProxy;
			containerPortal = 6A6BD6A02B93DD7A0002E8AB /* Project object */;
			proxyType = 1;
			remoteGlobalIDString = 6A6BD6A72B93DD7B0002E8AB;
			remoteInfo = Melody;
		};
/* End PBXContainerItemProxy section */

/* Begin PBXFileReference section */
		6A6BD6A82B93DD7B0002E8AB /* Melody.app */ = {isa = PBXFileReference; explicitFileType = wrapper.application; includeInIndex = 0; path = Melody.app; sourceTree = BUILT_PRODUCTS_DIR; };
		6A6BD6AC2B93DD7B0002E8AB /* RealityKitContent */ = {isa = PBXFileReference; lastKnownFileType = wrapper; path = RealityKitContent; sourceTree = "<group>"; };
		6A6BD6AF2B93DD7B0002E8AB /* MelodyApp.swift */ = {isa = PBXFileReference; lastKnownFileType = sourcecode.swift; path = MelodyApp.swift; sourceTree = "<group>"; };
		6A6BD6B12B93DD7B0002E8AB /* ContentView.swift */ = {isa = PBXFileReference; lastKnownFileType = sourcecode.swift; path = ContentView.swift; sourceTree = "<group>"; };
		6A6BD6B32B93DD7B0002E8AB /* Assets.xcassets */ = {isa = PBXFileReference; lastKnownFileType = folder.assetcatalog; path = Assets.xcassets; sourceTree = "<group>"; };
		6A6BD6B62B93DD7C0002E8AB /* Preview Assets.xcassets */ = {isa = PBXFileReference; lastKnownFileType = folder.assetcatalog; path = "Preview Assets.xcassets"; sourceTree = "<group>"; };
		6A6BD6B82B93DD7C0002E8AB /* Info.plist */ = {isa = PBXFileReference; lastKnownFileType = text.plist.xml; path = Info.plist; sourceTree = "<group>"; };
		6A6BD6BD2B93DD7C0002E8AB /* MelodyTests.xctest */ = {isa = PBXFileReference; explicitFileType = wrapper.cfbundle; includeInIndex = 0; path = MelodyTests.xctest; sourceTree = BUILT_PRODUCTS_DIR; };
		6A6BD6C12B93DD7C0002E8AB /* MelodyTests.swift */ = {isa = PBXFileReference; lastKnownFileType = sourcecode.swift; path = MelodyTests.swift; sourceTree = "<group>"; };
		6A6BD6CC2B93F71D0002E8AB /* theme.css */ = {isa = PBXFileReference; fileEncoding = 4; lastKnownFileType = text.css; path = theme.css; sourceTree = "<group>"; };
		6A6BD6CE2B9401C40002E8AB /* script.js */ = {isa = PBXFileReference; fileEncoding = 4; lastKnownFileType = sourcecode.javascript; path = script.js; sourceTree = "<group>"; };
/* End PBXFileReference section */

/* Begin PBXFrameworksBuildPhase section */
		6A6BD6A52B93DD7B0002E8AB /* Frameworks */ = {
			isa = PBXFrameworksBuildPhase;
			buildActionMask = 2147483647;
			files = (
				6A6BD6AE2B93DD7B0002E8AB /* RealityKitContent in Frameworks */,
			);
			runOnlyForDeploymentPostprocessing = 0;
		};
		6A6BD6BA2B93DD7C0002E8AB /* Frameworks */ = {
			isa = PBXFrameworksBuildPhase;
			buildActionMask = 2147483647;
			files = (
			);
			runOnlyForDeploymentPostprocessing = 0;
		};
/* End PBXFrameworksBuildPhase section */

/* Begin PBXGroup section */
		6A6BD69F2B93DD7A0002E8AB = {
			isa = PBXGroup;
			children = (
				6A6BD6AA2B93DD7B0002E8AB /* Melody */,
				6A6BD6AB2B93DD7B0002E8AB /* Packages */,
				6A6BD6C02B93DD7C0002E8AB /* MelodyTests */,
				6A6BD6A92B93DD7B0002E8AB /* Products */,
			);
			sourceTree = "<group>";
		};
		6A6BD6A92B93DD7B0002E8AB /* Products */ = {
			isa = PBXGroup;
			children = (
				6A6BD6A82B93DD7B0002E8AB /* Melody.app */,
				6A6BD6BD2B93DD7C0002E8AB /* MelodyTests.xctest */,
			);
			name = Products;
			sourceTree = "<group>";
		};
		6A6BD6AA2B93DD7B0002E8AB /* Melody */ = {
			isa = PBXGroup;
			children = (
				6A6BD6CC2B93F71D0002E8AB /* theme.css */,
				6A6BD6CE2B9401C40002E8AB /* script.js */,
				6A6BD6AF2B93DD7B0002E8AB /* MelodyApp.swift */,
				6A6BD6B12B93DD7B0002E8AB /* ContentView.swift */,
				6A6BD6B32B93DD7B0002E8AB /* Assets.xcassets */,
				6A6BD6B82B93DD7C0002E8AB /* Info.plist */,
				6A6BD6B52B93DD7C0002E8AB /* Preview Content */,
			);
			path = Melody;
			sourceTree = "<group>";
		};
		6A6BD6AB2B93DD7B0002E8AB /* Packages */ = {
			isa = PBXGroup;
			children = (
				6A6BD6AC2B93DD7B0002E8AB /* RealityKitContent */,
			);
			path = Packages;
			sourceTree = "<group>";
		};
		6A6BD6B52B93DD7C0002E8AB /* Preview Content */ = {
			isa = PBXGroup;
			children = (
				6A6BD6B62B93DD7C0002E8AB /* Preview Assets.xcassets */,
			);
			path = "Preview Content";
			sourceTree = "<group>";
		};
		6A6BD6C02B93DD7C0002E8AB /* MelodyTests */ = {
			isa = PBXGroup;
			children = (
				6A6BD6C12B93DD7C0002E8AB /* MelodyTests.swift */,
			);
			path = MelodyTests;
			sourceTree = "<group>";
		};
/* End PBXGroup section */

/* Begin PBXNativeTarget section */
		6A6BD6A72B93DD7B0002E8AB /* Melody */ = {
			isa = PBXNativeTarget;
			buildConfigurationList = 6A6BD6C52B93DD7C0002E8AB /* Build configuration list for PBXNativeTarget "Melody" */;
			buildPhases = (
				6A6BD6A42B93DD7B0002E8AB /* Sources */,
				6A6BD6A52B93DD7B0002E8AB /* Frameworks */,
				6A6BD6A62B93DD7B0002E8AB /* Resources */,
			);
			buildRules = (
			);
			dependencies = (
			);
			name = Melody;
			packageProductDependencies = (
				6A6BD6AD2B93DD7B0002E8AB /* RealityKitContent */,
			);
			productName = Melody;
			productReference = 6A6BD6A82B93DD7B0002E8AB /* Melody.app */;
			productType = "com.apple.product-type.application";
		};
		6A6BD6BC2B93DD7C0002E8AB /* MelodyTests */ = {
			isa = PBXNativeTarget;
			buildConfigurationList = 6A6BD6C82B93DD7C0002E8AB /* Build configuration list for PBXNativeTarget "MelodyTests" */;
			buildPhases = (
				6A6BD6B92B93DD7C0002E8AB /* Sources */,
				6A6BD6BA2B93DD7C0002E8AB /* Frameworks */,
				6A6BD6BB2B93DD7C0002E8AB /* Resources */,
			);
			buildRules = (
			);
			dependencies = (
				6A6BD6BF2B93DD7C0002E8AB /* PBXTargetDependency */,
			);
			name = MelodyTests;
			productName = MelodyTests;
			productReference = 6A6BD6BD2B93DD7C0002E8AB /* MelodyTests.xctest */;
			productType = "com.apple.product-type.bundle.unit-test";
		};
/* End PBXNativeTarget section */

/* Begin PBXProject section */
		6A6BD6A02B93DD7A0002E8AB /* Project object */ = {
			isa = PBXProject;
			attributes = {
				BuildIndependentTargetsInParallel = 1;
				LastSwiftUpdateCheck = 1520;
				LastUpgradeCheck = 1520;
				TargetAttributes = {
					6A6BD6A72B93DD7B0002E8AB = {
						CreatedOnToolsVersion = 15.2;
					};
					6A6BD6BC2B93DD7C0002E8AB = {
						CreatedOnToolsVersion = 15.2;
						TestTargetID = 6A6BD6A72B93DD7B0002E8AB;
					};
				};
			};
			buildConfigurationList = 6A6BD6A32B93DD7A0002E8AB /* Build configuration list for PBXProject "Melody" */;
			compatibilityVersion = "Xcode 14.0";
			developmentRegion = en;
			hasScannedForEncodings = 0;
			knownRegions = (
				en,
				Base,
			);
			mainGroup = 6A6BD69F2B93DD7A0002E8AB;
			productRefGroup = 6A6BD6A92B93DD7B0002E8AB /* Products */;
			projectDirPath = "";
			projectRoot = "";
			targets = (
				6A6BD6A72B93DD7B0002E8AB /* Melody */,
				6A6BD6BC2B93DD7C0002E8AB /* MelodyTests */,
			);
		};
/* End PBXProject section */

/* Begin PBXResourcesBuildPhase section */
		6A6BD6A62B93DD7B0002E8AB /* Resources */ = {
			isa = PBXResourcesBuildPhase;
			buildActionMask = 2147483647;
			files = (
				6A6BD6B72B93DD7C0002E8AB /* Preview Assets.xcassets in Resources */,
				6A6BD6CF2B9401C40002E8AB /* script.js in Resources */,
				6A6BD6B42B93DD7B0002E8AB /* Assets.xcassets in Resources */,
				6A6BD6CD2B93F71D0002E8AB /* theme.css in Resources */,
			);
			runOnlyForDeploymentPostprocessing = 0;
		};
		6A6BD6BB2B93DD7C0002E8AB /* Resources */ = {
			isa = PBXResourcesBuildPhase;
			buildActionMask = 2147483647;
			files = (
			);
			runOnlyForDeploymentPostprocessing = 0;
		};
/* End PBXResourcesBuildPhase section */

/* Begin PBXSourcesBuildPhase section */
		6A6BD6A42B93DD7B0002E8AB /* Sources */ = {
			isa = PBXSourcesBuildPhase;
			buildActionMask = 2147483647;
			files = (
				6A6BD6B22B93DD7B0002E8AB /* ContentView.swift in Sources */,
				6A6BD6B02B93DD7B0002E8AB /* MelodyApp.swift in Sources */,
			);
			runOnlyForDeploymentPostprocessing = 0;
		};
		6A6BD6B92B93DD7C0002E8AB /* Sources */ = {
			isa = PBXSourcesBuildPhase;
			buildActionMask = 2147483647;
			files = (
				6A6BD6C22B93DD7C0002E8AB /* MelodyTests.swift in Sources */,
			);
			runOnlyForDeploymentPostprocessing = 0;
		};
/* End PBXSourcesBuildPhase section */

/* Begin PBXTargetDependency section */
		6A6BD6BF2B93DD7C0002E8AB /* PBXTargetDependency */ = {
			isa = PBXTargetDependency;
			target = 6A6BD6A72B93DD7B0002E8AB /* Melody */;
			targetProxy = 6A6BD6BE2B93DD7C0002E8AB /* PBXContainerItemProxy */;
		};
/* End PBXTargetDependency section */

/* Begin XCBuildConfiguration section */
		6A6BD6C32B93DD7C0002E8AB /* Debug */ = {
			isa = XCBuildConfiguration;
			buildSettings = {
				ALWAYS_SEARCH_USER_PATHS = NO;
				ASSETCATALOG_COMPILER_GENERATE_SWIFT_ASSET_SYMBOL_EXTENSIONS = YES;
				CLANG_ANALYZER_NONNULL = YES;
				CLANG_ANALYZER_NUMBER_OBJECT_CONVERSION = YES_AGGRESSIVE;
				CLANG_CXX_LANGUAGE_STANDARD = "gnu++20";
				CLANG_ENABLE_MODULES = YES;
				CLANG_ENABLE_OBJC_ARC = YES;
				CLANG_ENABLE_OBJC_WEAK = YES;
				CLANG_WARN_BLOCK_CAPTURE_AUTORELEASING = YES;
				CLANG_WARN_BOOL_CONVERSION = YES;
				CLANG_WARN_COMMA = YES;
				CLANG_WARN_CONSTANT_CONVERSION = YES;
				CLANG_WARN_DEPRECATED_OBJC_IMPLEMENTATIONS = YES;
				CLANG_WARN_DIRECT_OBJC_ISA_USAGE = YES_ERROR;
				CLANG_WARN_DOCUMENTATION_COMMENTS = YES;
				CLANG_WARN_EMPTY_BODY = YES;
				CLANG_WARN_ENUM_CONVERSION = YES;
				CLANG_WARN_INFINITE_RECURSION = YES;
				CLANG_WARN_INT_CONVERSION = YES;
				CLANG_WARN_NON_LITERAL_NULL_CONVERSION = YES;
				CLANG_WARN_OBJC_IMPLICIT_RETAIN_SELF = YES;
				CLANG_WARN_OBJC_LITERAL_CONVERSION = YES;
				CLANG_WARN_OBJC_ROOT_CLASS = YES_ERROR;
				CLANG_WARN_QUOTED_INCLUDE_IN_FRAMEWORK_HEADER = YES;
				CLANG_WARN_RANGE_LOOP_ANALYSIS = YES;
				CLANG_WARN_STRICT_PROTOTYPES = YES;
				CLANG_WARN_SUSPICIOUS_MOVE = YES;
				CLANG_WARN_UNGUARDED_AVAILABILITY = YES_AGGRESSIVE;
				CLANG_WARN_UNREACHABLE_CODE = YES;
				CLANG_WARN__DUPLICATE_METHOD_MATCH = YES;
				COPY_PHASE_STRIP = NO;
				DEBUG_INFORMATION_FORMAT = dwarf;
				ENABLE_STRICT_OBJC_MSGSEND = YES;
				ENABLE_TESTABILITY = YES;
				ENABLE_USER_SCRIPT_SANDBOXING = YES;
				GCC_C_LANGUAGE_STANDARD = gnu17;
				GCC_DYNAMIC_NO_PIC = NO;
				GCC_NO_COMMON_BLOCKS = YES;
				GCC_OPTIMIZATION_LEVEL = 0;
				GCC_PREPROCESSOR_DEFINITIONS = (
					"DEBUG=1",
					"$(inherited)",
				);
				GCC_WARN_64_TO_32_BIT_CONVERSION = YES;
				GCC_WARN_ABOUT_RETURN_TYPE = YES_ERROR;
				GCC_WARN_UNDECLARED_SELECTOR = YES;
				GCC_WARN_UNINITIALIZED_AUTOS = YES_AGGRESSIVE;
				GCC_WARN_UNUSED_FUNCTION = YES;
				GCC_WARN_UNUSED_VARIABLE = YES;
				LOCALIZATION_PREFERS_STRING_CATALOGS = YES;
				MTL_ENABLE_DEBUG_INFO = INCLUDE_SOURCE;
				MTL_FAST_MATH = YES;
				ONLY_ACTIVE_ARCH = YES;
				SDKROOT = xros;
				SWIFT_ACTIVE_COMPILATION_CONDITIONS = "DEBUG $(inherited)";
				SWIFT_OPTIMIZATION_LEVEL = "-Onone";
				XROS_DEPLOYMENT_TARGET = 1.0;
			};
			name = Debug;
		};
		6A6BD6C42B93DD7C0002E8AB /* Release */ = {
			isa = XCBuildConfiguration;
			buildSettings = {
				ALWAYS_SEARCH_USER_PATHS = NO;
				ASSETCATALOG_COMPILER_GENERATE_SWIFT_ASSET_SYMBOL_EXTENSIONS = YES;
				CLANG_ANALYZER_NONNULL = YES;
				CLANG_ANALYZER_NUMBER_OBJECT_CONVERSION = YES_AGGRESSIVE;
				CLANG_CXX_LANGUAGE_STANDARD = "gnu++20";
				CLANG_ENABLE_MODULES = YES;
				CLANG_ENABLE_OBJC_ARC = YES;
				CLANG_ENABLE_OBJC_WEAK = YES;
				CLANG_WARN_BLOCK_CAPTURE_AUTORELEASING = YES;
				CLANG_WARN_BOOL_CONVERSION = YES;
				CLANG_WARN_COMMA = YES;
				CLANG_WARN_CONSTANT_CONVERSION = YES;
				CLANG_WARN_DEPRECATED_OBJC_IMPLEMENTATIONS = YES;
				CLANG_WARN_DIRECT_OBJC_ISA_USAGE = YES_ERROR;
				CLANG_WARN_DOCUMENTATION_COMMENTS = YES;
				CLANG_WARN_EMPTY_BODY = YES;
				CLANG_WARN_ENUM_CONVERSION = YES;
				CLANG_WARN_INFINITE_RECURSION = YES;
				CLANG_WARN_INT_CONVERSION = YES;
				CLANG_WARN_NON_LITERAL_NULL_CONVERSION = YES;
				CLANG_WARN_OBJC_IMPLICIT_RETAIN_SELF = YES;
				CLANG_WARN_OBJC_LITERAL_CONVERSION = YES;
				CLANG_WARN_OBJC_ROOT_CLASS = YES_ERROR;
				CLANG_WARN_QUOTED_INCLUDE_IN_FRAMEWORK_HEADER = YES;
				CLANG_WARN_RANGE_LOOP_ANALYSIS = YES;
				CLANG_WARN_STRICT_PROTOTYPES = YES;
				CLANG_WARN_SUSPICIOUS_MOVE = YES;
				CLANG_WARN_UNGUARDED_AVAILABILITY = YES_AGGRESSIVE;
				CLANG_WARN_UNREACHABLE_CODE = YES;
				CLANG_WARN__DUPLICATE_METHOD_MATCH = YES;
				COPY_PHASE_STRIP = NO;
				DEBUG_INFORMATION_FORMAT = "dwarf-with-dsym";
				ENABLE_NS_ASSERTIONS = NO;
				ENABLE_STRICT_OBJC_MSGSEND = YES;
				ENABLE_USER_SCRIPT_SANDBOXING = YES;
				GCC_C_LANGUAGE_STANDARD = gnu17;
				GCC_NO_COMMON_BLOCKS = YES;
				GCC_WARN_64_TO_32_BIT_CONVERSION = YES;
				GCC_WARN_ABOUT_RETURN_TYPE = YES_ERROR;
				GCC_WARN_UNDECLARED_SELECTOR = YES;
				GCC_WARN_UNINITIALIZED_AUTOS = YES_AGGRESSIVE;
				GCC_WARN_UNUSED_FUNCTION = YES;
				GCC_WARN_UNUSED_VARIABLE = YES;
				LOCALIZATION_PREFERS_STRING_CATALOGS = YES;
				MTL_ENABLE_DEBUG_INFO = NO;
				MTL_FAST_MATH = YES;
				SDKROOT = xros;
				SWIFT_COMPILATION_MODE = wholemodule;
				VALIDATE_PRODUCT = YES;
				XROS_DEPLOYMENT_TARGET = 1.0;
			};
			name = Release;
		};
		6A6BD6C62B93DD7C0002E8AB /* Debug */ = {
			isa = XCBuildConfiguration;
			buildSettings = {
				ASSETCATALOG_COMPILER_APPICON_NAME = AppIcon;
				ASSETCATALOG_COMPILER_GLOBAL_ACCENT_COLOR_NAME = AccentColor;
				CODE_SIGN_STYLE = Automatic;
				CURRENT_PROJECT_VERSION = 1;
				DEVELOPMENT_ASSET_PATHS = "\"Melody/Preview Content\"";
				DEVELOPMENT_TEAM = D7X25NKVCX;
				ENABLE_PREVIEWS = YES;
				GENERATE_INFOPLIST_FILE = YES;
				INFOPLIST_FILE = "$(TARGET_NAME)/Info.plist";
				LD_RUNPATH_SEARCH_PATHS = (
					"$(inherited)",
					"@executable_path/Frameworks",
				);
				MARKETING_VERSION = 1.0;
				PRODUCT_BUNDLE_IDENTIFIER = com.atemxr.Melody;
				PRODUCT_NAME = "$(TARGET_NAME)";
				SUPPORTED_PLATFORMS = "xros xrsimulator";
				SWIFT_EMIT_LOC_STRINGS = YES;
				SWIFT_VERSION = 5.0;
				TARGETED_DEVICE_FAMILY = "1,2,7";
			};
			name = Debug;
		};
		6A6BD6C72B93DD7C0002E8AB /* Release */ = {
			isa = XCBuildConfiguration;
			buildSettings = {
				ASSETCATALOG_COMPILER_APPICON_NAME = AppIcon;
				ASSETCATALOG_COMPILER_GLOBAL_ACCENT_COLOR_NAME = AccentColor;
				CODE_SIGN_STYLE = Automatic;
				CURRENT_PROJECT_VERSION = 1;
				DEVELOPMENT_ASSET_PATHS = "\"Melody/Preview Content\"";
				DEVELOPMENT_TEAM = D7X25NKVCX;
				ENABLE_PREVIEWS = YES;
				GENERATE_INFOPLIST_FILE = YES;
				INFOPLIST_FILE = "$(TARGET_NAME)/Info.plist";
				LD_RUNPATH_SEARCH_PATHS = (
					"$(inherited)",
					"@executable_path/Frameworks",
				);
				MARKETING_VERSION = 1.0;
				PRODUCT_BUNDLE_IDENTIFIER = com.atemxr.Melody;
				PRODUCT_NAME = "$(TARGET_NAME)";
				SUPPORTED_PLATFORMS = "xros xrsimulator";
				SWIFT_EMIT_LOC_STRINGS = YES;
				SWIFT_VERSION = 5.0;
				TARGETED_DEVICE_FAMILY = "1,2,7";
			};
			name = Release;
		};
		6A6BD6C92B93DD7C0002E8AB /* Debug */ = {
			isa = XCBuildConfiguration;
			buildSettings = {
				ALWAYS_EMBED_SWIFT_STANDARD_LIBRARIES = YES;
				BUNDLE_LOADER = "$(TEST_HOST)";
				CODE_SIGN_STYLE = Automatic;
				CURRENT_PROJECT_VERSION = 1;
				DEVELOPMENT_TEAM = D7X25NKVCX;
				GENERATE_INFOPLIST_FILE = YES;
				MARKETING_VERSION = 1.0;
				PRODUCT_BUNDLE_IDENTIFIER = com.atemxr.MelodyTests;
				PRODUCT_NAME = "$(TARGET_NAME)";
				SUPPORTED_PLATFORMS = "xros xrsimulator";
				SWIFT_EMIT_LOC_STRINGS = NO;
				SWIFT_VERSION = 5.0;
				TARGETED_DEVICE_FAMILY = "1,2,7";
				TEST_HOST = "$(BUILT_PRODUCTS_DIR)/Melody.app/$(BUNDLE_EXECUTABLE_FOLDER_PATH)/Melody";
				XROS_DEPLOYMENT_TARGET = 1.0;
			};
			name = Debug;
		};
		6A6BD6CA2B93DD7C0002E8AB /* Release */ = {
			isa = XCBuildConfiguration;
			buildSettings = {
				ALWAYS_EMBED_SWIFT_STANDARD_LIBRARIES = YES;
				BUNDLE_LOADER = "$(TEST_HOST)";
				CODE_SIGN_STYLE = Automatic;
				CURRENT_PROJECT_VERSION = 1;
				DEVELOPMENT_TEAM = D7X25NKVCX;
				GENERATE_INFOPLIST_FILE = YES;
				MARKETING_VERSION = 1.0;
				PRODUCT_BUNDLE_IDENTIFIER = com.atemxr.MelodyTests;
				PRODUCT_NAME = "$(TARGET_NAME)";
				SUPPORTED_PLATFORMS = "xros xrsimulator";
				SWIFT_EMIT_LOC_STRINGS = NO;
				SWIFT_VERSION = 5.0;
				TARGETED_DEVICE_FAMILY = "1,2,7";
				TEST_HOST = "$(BUILT_PRODUCTS_DIR)/Melody.app/$(BUNDLE_EXECUTABLE_FOLDER_PATH)/Melody";
				XROS_DEPLOYMENT_TARGET = 1.0;
			};
			name = Release;
		};
/* End XCBuildConfiguration section */

/* Begin XCConfigurationList section */
		6A6BD6A32B93DD7A0002E8AB /* Build configuration list for PBXProject "Melody" */ = {
			isa = XCConfigurationList;
			buildConfigurations = (
				6A6BD6C32B93DD7C0002E8AB /* Debug */,
				6A6BD6C42B93DD7C0002E8AB /* Release */,
			);
			defaultConfigurationIsVisible = 0;
			defaultConfigurationName = Release;
		};
		6A6BD6C52B93DD7C0002E8AB /* Build configuration list for PBXNativeTarget "Melody" */ = {
			isa = XCConfigurationList;
			buildConfigurations = (
				6A6BD6C62B93DD7C0002E8AB /* Debug */,
				6A6BD6C72B93DD7C0002E8AB /* Release */,
			);
			defaultConfigurationIsVisible = 0;
			defaultConfigurationName = Release;
		};
		6A6BD6C82B93DD7C0002E8AB /* Build configuration list for PBXNativeTarget "MelodyTests" */ = {
			isa = XCConfigurationList;
			buildConfigurations = (
				6A6BD6C92B93DD7C0002E8AB /* Debug */,
				6A6BD6CA2B93DD7C0002E8AB /* Release */,
			);
			defaultConfigurationIsVisible = 0;
			defaultConfigurationName = Release;
		};
/* End XCConfigurationList section */

/* Begin XCSwiftPackageProductDependency section */
		6A6BD6AD2B93DD7B0002E8AB /* RealityKitContent */ = {
			isa = XCSwiftPackageProductDependency;
			productName = RealityKitContent;
		};
/* End XCSwiftPackageProductDependency section */
	};
	rootObject = 6A6BD6A02B93DD7A0002E8AB /* Project object */;
}
